{
    "_meta": {
        "hash": {
            "sha256": "b8a734b2944567176db50a613ae4a6830909ec8e64550d866485fed90944205c"
        },
        "pipfile-spec": 6,
        "requires": {
            "python_version": "3.6"
        },
        "sources": [
            {
                "name": "pypi",
                "url": "https://pypi.org/simple",
                "verify_ssl": true
            }
        ]
    },
    "default": {
        "gitdb2": {
            "hashes": [
                "sha256:83361131a1836661a155172932a13c08bda2db3674e4caa32368aa6eb02f38c2",
                "sha256:e3a0141c5f2a3f635c7209d56c496ebe1ad35da82fe4d3ec4aaa36278d70648a"
            ],
            "version": "==2.0.5"
        },
        "gitpython": {
            "hashes": [
                "sha256:563221e5a44369c6b79172f455584c9ebbb122a13368cc82cb4b5addff788f82",
                "sha256:8237dc5bfd6f1366abeee5624111b9d6879393d84745a507de0fda86043b65a8"
            ],
            "index": "pypi",
            "version": "==2.1.11"
        },
        "numpy": {
            "hashes": [
                "sha256:0ad442c958da72443d3f35d29833aefad332f53601db19a24613f06a9731f131",
                "sha256:2811b3e77d455c657f1d46c3d1e7f274e645cb3af44008b7dc02f6ca7cc1a106",
                "sha256:2b716b4084770af3055352377603a9eef3f6b557bb9ec621b1c96a18242ac6f9",
                "sha256:2bd4ee471f85b315a8177826126660043a1529ff9d022d958182fa274268f86c",
                "sha256:2d6e8376b9a12ff55e63aa805315c032a9669699a312badf36b1824258561f08",
                "sha256:4037b8b94345c2803474171464b366cd6727e310673a070083c79cd3a880ae71",
                "sha256:43d2e7c25970570d8d0a9d85d4b6c4635a6b402e823c87c10fc37657621c2d9b",
                "sha256:5d6cc7098b7911401a9350d51d009bfe359a6d272e191827a9c13ebc03fc2974",
                "sha256:62686057967dfbc391aa8a0d9eeded12250636a06bd6b639e07d067bce1282b5",
                "sha256:96a0bb7951739868bffc4a2d4c27a7452c44a276f743140be8b48439bf8714a7",
                "sha256:9c168f97f9af48b78ababc79c74db7ce09219ac70e01dbd92683e0731f952a08",
                "sha256:9c60e0261aa35ebc671a9dd8e149bb03cdc5f928188c8f13249304ad94e01bfc",
                "sha256:a0e1a7b003c8a2cd204d9e7530677f7b41afa90460d1cc1bb9f52cf559abe0ab",
                "sha256:c064e12ebbc467baa2c3b0690b9296203d51c491546f1d13f796dc46c0dd4447",
                "sha256:c264fbc5f17897e124368289f53980a04880d6ebdfd8b657884ff31154d23133",
                "sha256:c4a023555dae1f0a1e411b67d1970cd168eff9526c0d11db47cb94d7b22948ec",
                "sha256:cc140dd5077f2d9051af585648d3b561bbb6fb48da6458424e8ec462aebd2ee2",
                "sha256:d164db66a4519186ec13f2917bd2fd229021e3f3a8c78a2eb34de2b3178e5329",
                "sha256:d4e305d720c5e7c247410d794da816998aab53103bf0b05bc94090a65537b89a",
                "sha256:d82bcdab867ba5c3fb6a68c3970a7a01f556d8ab4466fdec78394a74be2f71c6",
                "sha256:e05413b244108e41615697e26bdac211ca809054c027ccf59a96388b85ac2b00",
                "sha256:e75318498c0c5d5dc09f151bdadb8c8ac5762a236be328e33bbc0d079b349e7c",
                "sha256:eef36d084b7f91256b5ce95665abfe24693622fcecd3af3cc4f96624c0d93981"
            ],
            "version": "==1.16.0rc2"
        },
        "pandas": {
            "hashes": [
                "sha256:11975fad9edbdb55f1a560d96f91830e83e29bed6ad5ebf506abda09818eaf60",
                "sha256:12e13d127ca1b585dd6f6840d3fe3fa6e46c36a6afe2dbc5cb0b57032c902e31",
                "sha256:1c87fcb201e1e06f66e23a61a5fea9eeebfe7204a66d99df24600e3f05168051",
                "sha256:242e9900de758e137304ad4b5663c2eff0d798c2c3b891250bd0bd97144579da",
                "sha256:26c903d0ae1542890cb9abadb4adcb18f356b14c2df46e4ff657ae640e3ac9e7",
                "sha256:2e1e88f9d3e5f107b65b59cd29f141995597b035d17cc5537e58142038942e1a",
                "sha256:31b7a48b344c14691a8e92765d4023f88902ba3e96e2e4d0364d3453cdfd50db",
                "sha256:4fd07a932b4352f8a8973761ab4e84f965bf81cc750fb38e04f01088ab901cb8",
                "sha256:5b24ca47acf69222e82530e89111dd9d14f9b970ab2cd3a1c2c78f0c4fbba4f4",
                "sha256:647b3b916cc8f6aeba240c8171be3ab799c3c1b2ea179a3be0bd2712c4237553",
                "sha256:66b060946046ca27c0e03e9bec9bba3e0b918bafff84c425ca2cc2e157ce121e",
                "sha256:6efa9fa6e1434141df8872d0fa4226fc301b17aacf37429193f9d70b426ea28f",
                "sha256:be4715c9d8367e51dbe6bc6d05e205b1ae234f0dc5465931014aa1c4af44c1ba",
                "sha256:bea90da782d8e945fccfc958585210d23de374fa9294a9481ed2abcef637ebfc",
                "sha256:d318d77ab96f66a59e792a481e2701fba879e1a453aefeebdb17444fe204d1ed",
                "sha256:d785fc08d6f4207437e900ffead930a61e634c5e4f980ba6d3dc03c9581748c7",
                "sha256:de9559287c4fe8da56e8c3878d2374abc19d1ba2b807bfa7553e912a8e5ba87c",
                "sha256:f4f98b190bb918ac0bc0e3dd2ab74ff3573da9f43106f6dba6385406912ec00f",
                "sha256:f71f1a7e2d03758f6e957896ed696254e2bc83110ddbc6942018f1a232dd9dad",
                "sha256:fb944c8f0b0ab5c1f7846c686bc4cdf8cde7224655c12edcd59d5212cd57bec0"
            ],
            "index": "pypi",
            "version": "==0.23.4"
        },
        "python-dateutil": {
            "hashes": [
                "sha256:063df5763652e21de43de7d9e00ccf239f953a832941e37be541614732cdfc93",
                "sha256:88f9287c0174266bb0d8cedd395cfba9c58e87e5ad86b2ce58859bc11be3cf02"
            ],
            "version": "==2.7.5"
        },
        "pytz": {
            "hashes": [
                "sha256:32b0891edff07e28efe91284ed9c31e123d84bea3fd98e1f72be2508f43ef8d9",
                "sha256:d5f05e487007e29e03409f9398d074e158d920d36eb82eaf66fb1136b0c5374c"
            ],
            "version": "==2018.9"
        },
        "pyyaml": {
            "hashes": [
                "sha256:254bf6fda2b7c651837acb2c718e213df29d531eebf00edb54743d10bcb694eb",
                "sha256:3108529b78577327d15eec243f0ff348a0640b0c3478d67ad7f5648f93bac3e2",
                "sha256:3c17fb92c8ba2f525e4b5f7941d850e7a48c3a59b32d331e2502a3cdc6648e76",
                "sha256:8d6d96001aa7f0a6a4a95e8143225b5d06e41b1131044913fecb8f85a125714b",
                "sha256:c8a88edd93ee29ede719080b2be6cb2333dfee1dccba213b422a9c8e97f2967b"
            ],
            "index": "pypi",
            "version": "==4.2b4"
        },
        "six": {
            "hashes": [
                "sha256:3350809f0555b11f552448330d0b52d5f24c91a322ea4a15ef22629740f3761c",
                "sha256:d16a0141ec1a18405cd4ce8b4613101da75da0e9a7aec5bdd4fa804d0e0eba73"
            ],
            "version": "==1.12.0"
        },
        "smmap2": {
            "hashes": [
                "sha256:0555a7bf4df71d1ef4218e4807bbf9b201f910174e6e08af2e138d4e517b4dde",
                "sha256:29a9ffa0497e7f2be94ca0ed1ca1aa3cd4cf25a1f6b4f5f87f74b46ed91d609a"
            ],
            "version": "==2.0.5"
        },
        "unflatten": {
            "hashes": [
                "sha256:3a44a1baf20a299a2c75a9a1761fcdbff1b40d3b6145a71f3432188c7f05afa3",
                "sha256:5ace25f23d07dc6f56fdd4e0d033cdea56d97e0158781aef5f003969ed71aa1f"
            ],
            "index": "pypi",
            "version": "==0.1"
        }
    },
    "develop": {}
}
